
Microsoft Visual Studio Solution File, Format Version 12.00
# Visual Studio Version 16
VisualStudioVersion = 16.0.28803.352
MinimumVisualStudioVersion = 15.0.26124.0
Project("{9A19103F-16F7-4668-BE54-9A1E7A4F7556}") = "Pitcher", "Pitcher\Pitcher.csproj", "{129F683E-8470-4E0D-9971-726F78B3A607}"
EndProject
Project("{9A19103F-16F7-4668-BE54-9A1E7A4F7556}") = "Pitcher.Tests", "Pitcher.Tests\Pitcher.Tests.csproj", "{E11962C4-62A3-4187-B868-D04F0F14A7AB}"
EndProject
Project("{2150E333-8FDC-42A3-9474-1A3956D46DE8}") = "Pitcher.Sources", "Pitcher.Sources", "{0C8FFA70-E73C-4767-B08E-EFE55098FB40}"
	ProjectSection(SolutionItems) = preProject
		Pitcher.Sources\buildpackage.ps1 = Pitcher.Sources\buildpackage.ps1
		Pitcher.Sources\Pitcher.Sources.nuspec = Pitcher.Sources\Pitcher.Sources.nuspec
	EndProjectSection
EndProject
Project("{9A19103F-16F7-4668-BE54-9A1E7A4F7556}") = "Pitcher.Benchmarks", "Pitcher.Benchmarks\Pitcher.Benchmarks.csproj", "{74E5499E-492D-4F21-A3D3-8341527DEA8B}"
EndProject
Global
	GlobalSection(SolutionConfigurationPlatforms) = preSolution
		Debug|Any CPU = Debug|Any CPU
		Debug|x64 = Debug|x64
		Debug|x86 = Debug|x86
		Release|Any CPU = Release|Any CPU
		Release|x64 = Release|x64
		Release|x86 = Release|x86
	EndGlobalSection
	GlobalSection(ProjectConfigurationPlatforms) = postSolution
		{129F683E-8470-4E0D-9971-726F78B3A607}.Debug|Any CPU.ActiveCfg = Debug|Any CPU
		{129F683E-8470-4E0D-9971-726F78B3A607}.Debug|Any CPU.Build.0 = Debug|Any CPU
		{129F683E-8470-4E0D-9971-726F78B3A607}.Debug|x64.ActiveCfg = Debug|Any CPU
		{129F683E-8470-4E0D-9971-726F78B3A607}.Debug|x64.Build.0 = Debug|Any CPU
		{129F683E-8470-4E0D-9971-726F78B3A607}.Debug|x86.ActiveCfg = Debug|Any CPU
		{129F683E-8470-4E0D-9971-726F78B3A607}.Debug|x86.Build.0 = Debug|Any CPU
		{129F683E-8470-4E0D-9971-726F78B3A607}.Release|Any CPU.ActiveCfg = Release|Any CPU
		{129F683E-8470-4E0D-9971-726F78B3A607}.Release|Any CPU.Build.0 = Release|Any CPU
		{129F683E-8470-4E0D-9971-726F78B3A607}.Release|x64.ActiveCfg = Release|Any CPU
		{129F683E-8470-4E0D-9971-726F78B3A607}.Release|x64.Build.0 = Release|Any CPU
		{129F683E-8470-4E0D-9971-726F78B3A607}.Release|x86.ActiveCfg = Release|Any CPU
		{129F683E-8470-4E0D-9971-726F78B3A607}.Release|x86.Build.0 = Release|Any CPU
		{E11962C4-62A3-4187-B868-D04F0F14A7AB}.Debug|Any CPU.ActiveCfg = Debug|Any CPU
		{E11962C4-62A3-4187-B868-D04F0F14A7AB}.Debug|Any CPU.Build.0 = Debug|Any CPU
		{E11962C4-62A3-4187-B868-D04F0F14A7AB}.Debug|x64.ActiveCfg = Debug|Any CPU
		{E11962C4-62A3-4187-B868-D04F0F14A7AB}.Debug|x64.Build.0 = Debug|Any CPU
		{E11962C4-62A3-4187-B868-D04F0F14A7AB}.Debug|x86.ActiveCfg = Debug|Any CPU
		{E11962C4-62A3-4187-B868-D04F0F14A7AB}.Debug|x86.Build.0 = Debug|Any CPU
		{E11962C4-62A3-4187-B868-D04F0F14A7AB}.Release|Any CPU.ActiveCfg = Release|Any CPU
		{E11962C4-62A3-4187-B868-D04F0F14A7AB}.Release|Any CPU.Build.0 = Release|Any CPU
		{E11962C4-62A3-4187-B868-D04F0F14A7AB}.Release|x64.ActiveCfg = Release|Any CPU
		{E11962C4-62A3-4187-B868-D04F0F14A7AB}.Release|x64.Build.0 = Release|Any CPU
		{E11962C4-62A3-4187-B868-D04F0F14A7AB}.Release|x86.ActiveCfg = Release|Any CPU
		{E11962C4-62A3-4187-B868-D04F0F14A7AB}.Release|x86.Build.0 = Release|Any CPU
		{74E5499E-492D-4F21-A3D3-8341527DEA8B}.Debug|Any CPU.ActiveCfg = Debug|Any CPU
		{74E5499E-492D-4F21-A3D3-8341527DEA8B}.Debug|Any CPU.Build.0 = Debug|Any CPU
		{74E5499E-492D-4F21-A3D3-8341527DEA8B}.Debug|x64.ActiveCfg = Debug|Any CPU
		{74E5499E-492D-4F21-A3D3-8341527DEA8B}.Debug|x64.Build.0 = Debug|Any CPU
		{74E5499E-492D-4F21-A3D3-8341527DEA8B}.Debug|x86.ActiveCfg = Debug|Any CPU
		{74E5499E-492D-4F21-A3D3-8341527DEA8B}.Debug|x86.Build.0 = Debug|Any CPU
		{74E5499E-492D-4F21-A3D3-8341527DEA8B}.Release|Any CPU.ActiveCfg = Release|Any CPU
		{74E5499E-492D-4F21-A3D3-8341527DEA8B}.Release|Any CPU.Build.0 = Release|Any CPU
		{74E5499E-492D-4F21-A3D3-8341527DEA8B}.Release|x64.ActiveCfg = Release|Any CPU
		{74E5499E-492D-4F21-A3D3-8341527DEA8B}.Release|x64.Build.0 = Release|Any CPU
		{74E5499E-492D-4F21-A3D3-8341527DEA8B}.Release|x86.ActiveCfg = Release|Any CPU
		{74E5499E-492D-4F21-A3D3-8341527DEA8B}.Release|x86.Build.0 = Release|Any CPU
	EndGlobalSection
	GlobalSection(SolutionProperties) = preSolution
		HideSolutionNode = FALSE
	EndGlobalSection
	GlobalSection(ExtensibilityGlobals) = postSolution
		SolutionGuid = {EF9AFFC7-2413-43BA-A3A7-CD6F08484668}
	EndGlobalSection
EndGlobal
